
Microsoft Visual Studio Solution File, Format Version 12.00
# Visual Studio Version 16
VisualStudioVersion = 16.0.31129.286
MinimumVisualStudioVersion = 10.0.40219.1
Project("{FAE04EC0-301F-11D3-BF4B-00C04F79EFBC}") = "FutStat", "FutStat\FutStat.csproj", "{FE74AEC4-135C-48E0-8E77-290C128F1495}"
EndProject
Global
	GlobalSection(SolutionConfigurationPlatforms) = preSolution
		Debug|Any CPU = Debug|Any CPU
		Release|Any CPU = Release|Any CPU
	EndGlobalSection
	GlobalSection(ProjectConfigurationPlatforms) = postSolution
		{FE74AEC4-135C-48E0-8E77-290C128F1495}.Debug|Any CPU.ActiveCfg = Debug|Any CPU
		{FE74AEC4-135C-48E0-8E77-290C128F1495}.Debug|Any CPU.Build.0 = Debug|Any CPU
		{FE74AEC4-135C-48E0-8E77-290C128F1495}.Release|Any CPU.ActiveCfg = Release|Any CPU
		{FE74AEC4-135C-48E0-8E77-290C128F1495}.Release|Any CPU.Build.0 = Release|Any CPU
	EndGlobalSection
	GlobalSection(SolutionProperties) = preSolution
		HideSolutionNode = FALSE
	EndGlobalSection
	GlobalSection(ExtensibilityGlobals) = postSolution
		SolutionGuid = {996BC509-98CC-44E9-A35D-0C8E142166BC}
	EndGlobalSection
EndGlobal
